
Microsoft Visual Studio Solution File, Format Version 12.00
# Visual Studio 2012
Project("{8BC9CEB8-8B4A-11D0-8D11-00A0C91BC942}") = "opencv_videotesting", "opencv_videotesting\opencv_videotesting.vcxproj", "{01319001-84DE-4D71-8CD9-3A010E7964AE}"
EndProject
Global
	GlobalSection(SolutionConfigurationPlatforms) = preSolution
		Debug|Win32 = Debug|Win32
		Release|Win32 = Release|Win32
	EndGlobalSection
	GlobalSection(ProjectConfigurationPlatforms) = postSolution
		{01319001-84DE-4D71-8CD9-3A010E7964AE}.Debug|Win32.ActiveCfg = Debug|Win32
		{01319001-84DE-4D71-8CD9-3A010E7964AE}.Debug|Win32.Build.0 = Debug|Win32
		{01319001-84DE-4D71-8CD9-3A010E7964AE}.Release|Win32.ActiveCfg = Release|Win32
		{01319001-84DE-4D71-8CD9-3A010E7964AE}.Release|Win32.Build.0 = Release|Win32
	EndGlobalSection
	GlobalSection(SolutionProperties) = preSolution
		HideSolutionNode = FALSE
	EndGlobalSection
EndGlobal
